
Microsoft Visual Studio Solution File, Format Version 12.00
# Visual Studio Version 17
VisualStudioVersion = 17.6.33829.357
MinimumVisualStudioVersion = 10.0.40219.1
Project("{FAE04EC0-301F-11D3-BF4B-00C04F79EFBC}") = "Demo.PL", "Demo.PL\Demo.PL.csproj", "{4C290EF0-EF77-450D-8D65-A0EAF82F7FAE}"
EndProject
Project("{FAE04EC0-301F-11D3-BF4B-00C04F79EFBC}") = "Demo.DAL", "Demo.DAL\Demo.DAL.csproj", "{9D98A8DB-8B9D-4CBC-B1B0-2393A913ADBB}"
EndProject
Project("{FAE04EC0-301F-11D3-BF4B-00C04F79EFBC}") = "Demo.BLL", "Demo.BLL\Demo.BLL.csproj", "{E8EF2789-36F3-485B-B428-44A210A1AD6E}"
EndProject
Global
	GlobalSection(SolutionConfigurationPlatforms) = preSolution
		Debug|Any CPU = Debug|Any CPU
		Release|Any CPU = Release|Any CPU
	EndGlobalSection
	GlobalSection(ProjectConfigurationPlatforms) = postSolution
		{4C290EF0-EF77-450D-8D65-A0EAF82F7FAE}.Debug|Any CPU.ActiveCfg = Debug|Any CPU
		{4C290EF0-EF77-450D-8D65-A0EAF82F7FAE}.Debug|Any CPU.Build.0 = Debug|Any CPU
		{4C290EF0-EF77-450D-8D65-A0EAF82F7FAE}.Release|Any CPU.ActiveCfg = Release|Any CPU
		{4C290EF0-EF77-450D-8D65-A0EAF82F7FAE}.Release|Any CPU.Build.0 = Release|Any CPU
		{9D98A8DB-8B9D-4CBC-B1B0-2393A913ADBB}.Debug|Any CPU.ActiveCfg = Debug|Any CPU
		{9D98A8DB-8B9D-4CBC-B1B0-2393A913ADBB}.Debug|Any CPU.Build.0 = Debug|Any CPU
		{9D98A8DB-8B9D-4CBC-B1B0-2393A913ADBB}.Release|Any CPU.ActiveCfg = Release|Any CPU
		{9D98A8DB-8B9D-4CBC-B1B0-2393A913ADBB}.Release|Any CPU.Build.0 = Release|Any CPU
		{E8EF2789-36F3-485B-B428-44A210A1AD6E}.Debug|Any CPU.ActiveCfg = Debug|Any CPU
		{E8EF2789-36F3-485B-B428-44A210A1AD6E}.Debug|Any CPU.Build.0 = Debug|Any CPU
		{E8EF2789-36F3-485B-B428-44A210A1AD6E}.Release|Any CPU.ActiveCfg = Release|Any CPU
		{E8EF2789-36F3-485B-B428-44A210A1AD6E}.Release|Any CPU.Build.0 = Release|Any CPU
	EndGlobalSection
	GlobalSection(SolutionProperties) = preSolution
		HideSolutionNode = FALSE
	EndGlobalSection
	GlobalSection(ExtensibilityGlobals) = postSolution
		SolutionGuid = {2AE89460-CC17-4D81-817B-27B36705BB65}
	EndGlobalSection
EndGlobal
